
Microsoft Visual Studio Solution File, Format Version 12.00
# Visual Studio Version 17
VisualStudioVersion = 17.7.34018.315
MinimumVisualStudioVersion = 10.0.40219.1
Project("{FAE04EC0-301F-11D3-BF4B-00C04F79EFBC}") = "MidApp", "MidApp\MidApp.csproj", "{D02DE42C-029A-45E9-B3C7-CEDD30ABF7D6}"
EndProject
Global
	GlobalSection(SolutionConfigurationPlatforms) = preSolution
		Debug|Any CPU = Debug|Any CPU
		Release|Any CPU = Release|Any CPU
	EndGlobalSection
	GlobalSection(ProjectConfigurationPlatforms) = postSolution
		{D02DE42C-029A-45E9-B3C7-CEDD30ABF7D6}.Debug|Any CPU.ActiveCfg = Debug|Any CPU
		{D02DE42C-029A-45E9-B3C7-CEDD30ABF7D6}.Debug|Any CPU.Build.0 = Debug|Any CPU
		{D02DE42C-029A-45E9-B3C7-CEDD30ABF7D6}.Release|Any CPU.ActiveCfg = Release|Any CPU
		{D02DE42C-029A-45E9-B3C7-CEDD30ABF7D6}.Release|Any CPU.Build.0 = Release|Any CPU
	EndGlobalSection
	GlobalSection(SolutionProperties) = preSolution
		HideSolutionNode = FALSE
	EndGlobalSection
	GlobalSection(ExtensibilityGlobals) = postSolution
		SolutionGuid = {A92D3EBE-420A-4DDE-ABAE-D43BD0BD7EFC}
	EndGlobalSection
EndGlobal
